
Microsoft Visual Studio Solution File, Format Version 12.00
# Visual Studio Version 16
VisualStudioVersion = 16.0.32002.261
MinimumVisualStudioVersion = 10.0.40219.1
Project("{FAE04EC0-301F-11D3-BF4B-00C04F79EFBC}") = "Proje", "Proje\Proje.csproj", "{6FCD2C43-C78D-4EEA-8BB2-C793634332D8}"
EndProject
Global
	GlobalSection(SolutionConfigurationPlatforms) = preSolution
		Debug|Any CPU = Debug|Any CPU
		Release|Any CPU = Release|Any CPU
	EndGlobalSection
	GlobalSection(ProjectConfigurationPlatforms) = postSolution
		{6FCD2C43-C78D-4EEA-8BB2-C793634332D8}.Debug|Any CPU.ActiveCfg = Debug|Any CPU
		{6FCD2C43-C78D-4EEA-8BB2-C793634332D8}.Debug|Any CPU.Build.0 = Debug|Any CPU
		{6FCD2C43-C78D-4EEA-8BB2-C793634332D8}.Release|Any CPU.ActiveCfg = Release|Any CPU
		{6FCD2C43-C78D-4EEA-8BB2-C793634332D8}.Release|Any CPU.Build.0 = Release|Any CPU
	EndGlobalSection
	GlobalSection(SolutionProperties) = preSolution
		HideSolutionNode = FALSE
	EndGlobalSection
	GlobalSection(ExtensibilityGlobals) = postSolution
		SolutionGuid = {D6CFC9AE-5089-4567-B72D-090E79358A0F}
	EndGlobalSection
EndGlobal
